
Microsoft Visual Studio Solution File, Format Version 11.00
# Visual Studio 2010
Project("{FAE04EC0-301F-11D3-BF4B-00C04F79EFBC}") = "eMunchingMenu", "eMunchingMenu\eMunchingMenu.csproj", "{7A08B381-14B6-4BCE-A907-7D3300332F89}"
EndProject
Global
	GlobalSection(SolutionConfigurationPlatforms) = preSolution
		Debug|Any CPU = Debug|Any CPU
		Release|Any CPU = Release|Any CPU
	EndGlobalSection
	GlobalSection(ProjectConfigurationPlatforms) = postSolution
		{7A08B381-14B6-4BCE-A907-7D3300332F89}.Debug|Any CPU.ActiveCfg = Debug|Any CPU
		{7A08B381-14B6-4BCE-A907-7D3300332F89}.Debug|Any CPU.Build.0 = Debug|Any CPU
		{7A08B381-14B6-4BCE-A907-7D3300332F89}.Release|Any CPU.ActiveCfg = Release|Any CPU
		{7A08B381-14B6-4BCE-A907-7D3300332F89}.Release|Any CPU.Build.0 = Release|Any CPU
	EndGlobalSection
	GlobalSection(SolutionProperties) = preSolution
		HideSolutionNode = FALSE
	EndGlobalSection
EndGlobal
